// !$*UTF8*$!
{
	archiveVersion = 1;
	classes = {
	};
	objectVersion = 46;
	objects = {

/* Begin PBXBuildFile section */
		412B9D22291FBB8700B9BD7B /* CirleImage.swift in Sources */ = {isa = PBXBuildFile; fileRef = 412B9D21291FBB8700B9BD7B /* CirleImage.swift */; };
		412B9D24291FBD2B00B9BD7B /* MapView.swift in Sources */ = {isa = PBXBuildFile; fileRef = 412B9D23291FBD2B00B9BD7B /* MapView.swift */; };
		417D63AF2921FC45001F2743 /* AnimationView.swift in Sources */ = {isa = PBXBuildFile; fileRef = 417D63AE2921FC45001F2743 /* AnimationView.swift */; };
		9EE3251C1A5C5F2AC58FC2F4 /* Assets.xcassets in Resources */ = {isa = PBXBuildFile; fileRef = 9EE32916F1289250B9FFA61A /* Assets.xcassets */; };
		9EE3278017261F40DC4CFF21 /* Preview Assets.xcassets in Resources */ = {isa = PBXBuildFile; fileRef = 9EE32F12BA3EA052E5528A47 /* Preview Assets.xcassets */; };
		9EE32D558CF44377637862F2 /* ContentView.swift in Sources */ = {isa = PBXBuildFile; fileRef = 9EE325478079EB5F049CD677 /* ContentView.swift */; };
		9EE32F3E26EC7B2B812667C2 /* FistSingleViewApp.swift in Sources */ = {isa = PBXBuildFile; fileRef = 9EE32122E9EDCB9CF92D6DAA /* FistSingleViewApp.swift */; };
/* End PBXBuildFile section */

/* Begin PBXFileReference section */
		412B9D21291FBB8700B9BD7B /* CirleImage.swift */ = {isa = PBXFileReference; lastKnownFileType = sourcecode.swift; path = CirleImage.swift; sourceTree = "<group>"; };
		412B9D23291FBD2B00B9BD7B /* MapView.swift */ = {isa = PBXFileReference; lastKnownFileType = sourcecode.swift; path = MapView.swift; sourceTree = "<group>"; };
		417D63AE2921FC45001F2743 /* AnimationView.swift */ = {isa = PBXFileReference; lastKnownFileType = sourcecode.swift; path = AnimationView.swift; sourceTree = "<group>"; };
		417D63B02921FE6A001F2743 /* Info.plist */ = {isa = PBXFileReference; lastKnownFileType = text.plist; path = Info.plist; sourceTree = "<group>"; };
		9EE32122E9EDCB9CF92D6DAA /* FistSingleViewApp.swift */ = {isa = PBXFileReference; lastKnownFileType = sourcecode.swift; path = FistSingleViewApp.swift; sourceTree = "<group>"; };
		9EE325478079EB5F049CD677 /* ContentView.swift */ = {isa = PBXFileReference; lastKnownFileType = sourcecode.swift; path = ContentView.swift; sourceTree = "<group>"; };
		9EE32916F1289250B9FFA61A /* Assets.xcassets */ = {isa = PBXFileReference; lastKnownFileType = folder.assetcatalog; path = Assets.xcassets; sourceTree = "<group>"; };
		9EE329E2800670DF135818EB /* FistSingleView.app */ = {isa = PBXFileReference; explicitFileType = wrapper.application; includeInIndex = 0; path = FistSingleView.app; sourceTree = BUILT_PRODUCTS_DIR; };
		9EE32F12BA3EA052E5528A47 /* Preview Assets.xcassets */ = {isa = PBXFileReference; lastKnownFileType = folder.assetcatalog; path = "Preview Assets.xcassets"; sourceTree = "<group>"; };
		9EE32FB5038EAB7528656961 /* FistSingleView.entitlements */ = {isa = PBXFileReference; lastKnownFileType = text.plist.entitlements; path = FistSingleView.entitlements; sourceTree = "<group>"; };
/* End PBXFileReference section */

/* Begin PBXFrameworksBuildPhase section */
		9EE328F427B044CFA8796897 /* Frameworks */ = {
			isa = PBXFrameworksBuildPhase;
			buildActionMask = 2147483647;
			files = (
			);
			runOnlyForDeploymentPostprocessing = 0;
		};
/* End PBXFrameworksBuildPhase section */

/* Begin PBXGroup section */
		9EE322E5BCD24B4FF84AD708 /* Products */ = {
			isa = PBXGroup;
			children = (
				9EE329E2800670DF135818EB /* FistSingleView.app */,
			);
			name = Products;
			sourceTree = "<group>";
		};
		9EE327737D669EC8EC8E2E3B = {
			isa = PBXGroup;
			children = (
				412B9D23291FBD2B00B9BD7B /* MapView.swift */,
				412B9D21291FBB8700B9BD7B /* CirleImage.swift */,
				9EE322E5BCD24B4FF84AD708 /* Products */,
				9EE32BC738BC4D7AD617E4CC /* FistSingleView */,
			);
			sourceTree = "<group>";
		};
		9EE32BC738BC4D7AD617E4CC /* FistSingleView */ = {
			isa = PBXGroup;
			children = (
				417D63B02921FE6A001F2743 /* Info.plist */,
				9EE32916F1289250B9FFA61A /* Assets.xcassets */,
				9EE32FB5038EAB7528656961 /* FistSingleView.entitlements */,
				9EE32FEB332B39273543AFEB /* Preview Content */,
				9EE32122E9EDCB9CF92D6DAA /* FistSingleViewApp.swift */,
				417D63AE2921FC45001F2743 /* AnimationView.swift */,
			);
			path = FistSingleView;
			sourceTree = "<group>";
		};
		9EE32FEB332B39273543AFEB /* Preview Content */ = {
			isa = PBXGroup;
			children = (
				9EE325478079EB5F049CD677 /* ContentView.swift */,
				9EE32F12BA3EA052E5528A47 /* Preview Assets.xcassets */,
			);
			path = "Preview Content";
			sourceTree = "<group>";
		};
/* End PBXGroup section */

/* Begin PBXNativeTarget section */
		9EE32044E3B7DC45F24FB5FE /* FistSingleView */ = {
			isa = PBXNativeTarget;
			buildConfigurationList = 9EE32A3949E4AA10D78B67E0 /* Build configuration list for PBXNativeTarget "FistSingleView" */;
			buildPhases = (
				9EE325D01CD3B7C5B94A14E0 /* Sources */,
				9EE328F427B044CFA8796897 /* Frameworks */,
				9EE32D66554EB9C589402E6F /* Resources */,
			);
			buildRules = (
			);
			dependencies = (
			);
			name = FistSingleView;
			productName = FistSingleView;
			productReference = 9EE329E2800670DF135818EB /* FistSingleView.app */;
			productType = "com.apple.product-type.application";
		};
/* End PBXNativeTarget section */

/* Begin PBXProject section */
		9EE325AC2FC21CF54EE944D9 /* Project object */ = {
			isa = PBXProject;
			attributes = {
				LastUpgradeCheck = 1410;
			};
			buildConfigurationList = 9EE32D28E5C4B1F100A4709C /* Build configuration list for PBXProject "FistSingleView" */;
			compatibilityVersion = "Xcode 3.2";
			developmentRegion = English;
			hasScannedForEncodings = 0;
			knownRegions = (
				English,
				en,
			);
			mainGroup = 9EE327737D669EC8EC8E2E3B;
			productRefGroup = 9EE322E5BCD24B4FF84AD708 /* Products */;
			projectDirPath = "";
			projectRoot = "";
			targets = (
				9EE32044E3B7DC45F24FB5FE /* FistSingleView */,
			);
		};
/* End PBXProject section */

/* Begin PBXResourcesBuildPhase section */
		9EE32D66554EB9C589402E6F /* Resources */ = {
			isa = PBXResourcesBuildPhase;
			buildActionMask = 2147483647;
			files = (
				9EE3251C1A5C5F2AC58FC2F4 /* Assets.xcassets in Resources */,
				9EE3278017261F40DC4CFF21 /* Preview Assets.xcassets in Resources */,
			);
			runOnlyForDeploymentPostprocessing = 0;
		};
/* End PBXResourcesBuildPhase section */

/* Begin PBXSourcesBuildPhase section */
		9EE325D01CD3B7C5B94A14E0 /* Sources */ = {
			isa = PBXSourcesBuildPhase;
			buildActionMask = 2147483647;
			files = (
				9EE32F3E26EC7B2B812667C2 /* FistSingleViewApp.swift in Sources */,
				417D63AF2921FC45001F2743 /* AnimationView.swift in Sources */,
				412B9D24291FBD2B00B9BD7B /* MapView.swift in Sources */,
				9EE32D558CF44377637862F2 /* ContentView.swift in Sources */,
				412B9D22291FBB8700B9BD7B /* CirleImage.swift in Sources */,
			);
			runOnlyForDeploymentPostprocessing = 0;
		};
/* End PBXSourcesBuildPhase section */

/* Begin XCBuildConfiguration section */
		9EE320F163A9A72AEDA2D5B2 /* Release */ = {
			isa = XCBuildConfiguration;
			buildSettings = {
				ALWAYS_SEARCH_USER_PATHS = NO;
				CLANG_ANALYZER_LOCALIZABILITY_NONLOCALIZED = YES;
				CLANG_ANALYZER_NONNULL = YES;
				CLANG_ANALYZER_NUMBER_OBJECT_CONVERSION = YES_AGGRESSIVE;
				CLANG_CXX_LANGUAGE_STANDARD = "gnu++20";
				CLANG_ENABLE_MODULES = YES;
				CLANG_ENABLE_OBJC_ARC = YES;
				CLANG_ENABLE_OBJC_WEAK = YES;
				CLANG_WARN_BLOCK_CAPTURE_AUTORELEASING = YES;
				CLANG_WARN_BOOL_CONVERSION = YES;
				CLANG_WARN_COMMA = YES;
				CLANG_WARN_CONSTANT_CONVERSION = YES;
				CLANG_WARN_DEPRECATED_OBJC_IMPLEMENTATIONS = YES;
				CLANG_WARN_DIRECT_OBJC_ISA_USAGE = YES_ERROR;
				CLANG_WARN_DOCUMENTATION_COMMENTS = YES;
				CLANG_WARN_EMPTY_BODY = YES;
				CLANG_WARN_ENUM_CONVERSION = YES;
				CLANG_WARN_INFINITE_RECURSION = YES;
				CLANG_WARN_INT_CONVERSION = YES;
				CLANG_WARN_NON_LITERAL_NULL_CONVERSION = YES;
				CLANG_WARN_OBJC_IMPLICIT_RETAIN_SELF = YES;
				CLANG_WARN_OBJC_LITERAL_CONVERSION = YES;
				CLANG_WARN_OBJC_ROOT_CLASS = YES_ERROR;
				CLANG_WARN_QUOTED_INCLUDE_IN_FRAMEWORK_HEADER = YES;
				CLANG_WARN_RANGE_LOOP_ANALYSIS = YES;
				CLANG_WARN_STRICT_PROTOTYPES = YES;
				CLANG_WARN_SUSPICIOUS_MOVE = YES;
				CLANG_WARN_UNGUARDED_AVAILABILITY = YES_AGGRESSIVE;
				CLANG_WARN_UNREACHABLE_CODE = YES;
				CLANG_WARN__DUPLICATE_METHOD_MATCH = YES;
				COPY_PHASE_STRIP = NO;
				DEAD_CODE_STRIPPING = YES;
				DEBUG_INFORMATION_FORMAT = "dwarf-with-dsym";
				ENABLE_NS_ASSERTIONS = NO;
				ENABLE_STRICT_OBJC_MSGSEND = YES;
				GCC_C_LANGUAGE_STANDARD = gnu11;
				GCC_NO_COMMON_BLOCKS = YES;
				GCC_WARN_64_TO_32_BIT_CONVERSION = YES;
				GCC_WARN_ABOUT_RETURN_TYPE = YES_ERROR;
				GCC_WARN_UNDECLARED_SELECTOR = YES;
				GCC_WARN_UNINITIALIZED_AUTOS = YES_AGGRESSIVE;
				GCC_WARN_UNUSED_FUNCTION = YES;
				GCC_WARN_UNUSED_VARIABLE = YES;
				IPHONEOS_DEPLOYMENT_TARGET = 16.1;
				MACOSX_DEPLOYMENT_TARGET = 13.0;
				MTL_ENABLE_DEBUG_INFO = NO;
				MTL_FAST_MATH = YES;
				SDKROOT = macosx;
				SWIFT_OPTIMIZATION_LEVEL = "-Owholemodule";
			};
			name = Release;
		};
		9EE3228C3EF62A1671495041 /* Release */ = {
			isa = XCBuildConfiguration;
			buildSettings = {
				ASSETCATALOG_COMPILER_APPICON_NAME = AppIcon;
				ASSETCATALOG_COMPILER_GLOBAL_ACCENT_COLOR_NAME = AccentColor;
				CODE_SIGN_ENTITLEMENTS = FistSingleView/FistSingleView.entitlements;
				CODE_SIGN_IDENTITY = "-";
				COMBINE_HIDPI_IMAGES = YES;
				CURRENT_PROJECT_VERSION = 1;
				DEAD_CODE_STRIPPING = YES;
				DEVELOPMENT_ASSET_PATHS = "\"FistSingleView/Preview Content\"";
				ENABLE_PREVIEWS = YES;
				EXCLUDED_ARCHS = "";
				GENERATE_INFOPLIST_FILE = YES;
				INFOPLIST_FILE = FistSingleView/Info.plist;
				INFOPLIST_KEY_NSHumanReadableCopyright = "";
				INFOPLIST_KEY_UIStatusBarStyle = "";
				INFOPLIST_KEY_UISupportedInterfaceOrientations = UIInterfaceOrientationPortrait;
				INFOPLIST_KEY_UISupportedInterfaceOrientations_iPad = UIInterfaceOrientationPortraitUpsideDown;
				IPHONEOS_DEPLOYMENT_TARGET = 16.1;
				LD_RUNPATH_SEARCH_PATHS = "$(inherited) @executable_path/../Frameworks";
				MACOSX_DEPLOYMENT_TARGET = 12.3;
				MARKETING_VERSION = 1.0;
				PRODUCT_BUNDLE_IDENTIFIER = com.zxq.FistSingleView;
				PRODUCT_NAME = "$(TARGET_NAME)";
				SDKROOT = iphoneos;
				SUPPORTED_PLATFORMS = "iphoneos iphonesimulator";
				SUPPORTS_MACCATALYST = NO;
				SUPPORTS_MAC_DESIGNED_FOR_IPHONE_IPAD = NO;
				SWIFT_EMIT_LOC_STRINGS = YES;
				SWIFT_VERSION = 5.0;
				TARGETED_DEVICE_FAMILY = 1;
			};
			name = Release;
		};
		9EE326B3C82C06771002174B /* Debug */ = {
			isa = XCBuildConfiguration;
			buildSettings = {
				ALWAYS_SEARCH_USER_PATHS = NO;
				CLANG_ANALYZER_LOCALIZABILITY_NONLOCALIZED = YES;
				CLANG_ANALYZER_NONNULL = YES;
				CLANG_ANALYZER_NUMBER_OBJECT_CONVERSION = YES_AGGRESSIVE;
				CLANG_CXX_LANGUAGE_STANDARD = "gnu++20";
				CLANG_ENABLE_MODULES = YES;
				CLANG_ENABLE_OBJC_ARC = YES;
				CLANG_ENABLE_OBJC_WEAK = YES;
				CLANG_WARN_BLOCK_CAPTURE_AUTORELEASING = YES;
				CLANG_WARN_BOOL_CONVERSION = YES;
				CLANG_WARN_COMMA = YES;
				CLANG_WARN_CONSTANT_CONVERSION = YES;
				CLANG_WARN_DEPRECATED_OBJC_IMPLEMENTATIONS = YES;
				CLANG_WARN_DIRECT_OBJC_ISA_USAGE = YES_ERROR;
				CLANG_WARN_DOCUMENTATION_COMMENTS = YES;
				CLANG_WARN_EMPTY_BODY = YES;
				CLANG_WARN_ENUM_CONVERSION = YES;
				CLANG_WARN_INFINITE_RECURSION = YES;
				CLANG_WARN_INT_CONVERSION = YES;
				CLANG_WARN_NON_LITERAL_NULL_CONVERSION = YES;
				CLANG_WARN_OBJC_IMPLICIT_RETAIN_SELF = YES;
				CLANG_WARN_OBJC_LITERAL_CONVERSION = YES;
				CLANG_WARN_OBJC_ROOT_CLASS = YES_ERROR;
				CLANG_WARN_QUOTED_INCLUDE_IN_FRAMEWORK_HEADER = YES;
				CLANG_WARN_RANGE_LOOP_ANALYSIS = YES;
				CLANG_WARN_STRICT_PROTOTYPES = YES;
				CLANG_WARN_SUSPICIOUS_MOVE = YES;
				CLANG_WARN_UNGUARDED_AVAILABILITY = YES_AGGRESSIVE;
				CLANG_WARN_UNREACHABLE_CODE = YES;
				CLANG_WARN__DUPLICATE_METHOD_MATCH = YES;
				COPY_PHASE_STRIP = NO;
				DEAD_CODE_STRIPPING = YES;
				DEBUG_INFORMATION_FORMAT = dwarf;
				ENABLE_STRICT_OBJC_MSGSEND = YES;
				ENABLE_TESTABILITY = YES;
				GCC_C_LANGUAGE_STANDARD = gnu11;
				GCC_DYNAMIC_NO_PIC = NO;
				GCC_NO_COMMON_BLOCKS = YES;
				GCC_OPTIMIZATION_LEVEL = 0;
				GCC_PREPROCESSOR_DEFINITIONS = (
					"DEBUG=1",
					"$(inherited)",
				);
				GCC_WARN_64_TO_32_BIT_CONVERSION = YES;
				GCC_WARN_ABOUT_RETURN_TYPE = YES_ERROR;
				GCC_WARN_UNDECLARED_SELECTOR = YES;
				GCC_WARN_UNINITIALIZED_AUTOS = YES_AGGRESSIVE;
				GCC_WARN_UNUSED_FUNCTION = YES;
				GCC_WARN_UNUSED_VARIABLE = YES;
				IPHONEOS_DEPLOYMENT_TARGET = 16.1;
				MACOSX_DEPLOYMENT_TARGET = 13.0;
				MTL_ENABLE_DEBUG_INFO = INCLUDE_SOURCE;
				MTL_FAST_MATH = YES;
				ONLY_ACTIVE_ARCH = YES;
				SDKROOT = macosx;
				SWIFT_ACTIVE_COMPILATION_CONDITIONS = DEBUG;
				SWIFT_OPTIMIZATION_LEVEL = "-Onone";
			};
			name = Debug;
		};
		9EE32736C5531AA6D85AE2F4 /* Debug */ = {
			isa = XCBuildConfiguration;
			buildSettings = {
				ASSETCATALOG_COMPILER_APPICON_NAME = AppIcon;
				ASSETCATALOG_COMPILER_GLOBAL_ACCENT_COLOR_NAME = AccentColor;
				CODE_SIGN_ENTITLEMENTS = FistSingleView/FistSingleView.entitlements;
				CODE_SIGN_IDENTITY = "-";
				COMBINE_HIDPI_IMAGES = YES;
				CURRENT_PROJECT_VERSION = 1;
				DEAD_CODE_STRIPPING = YES;
				DEVELOPMENT_ASSET_PATHS = "\"FistSingleView/Preview Content\"";
				ENABLE_PREVIEWS = YES;
				EXCLUDED_ARCHS = "";
				GENERATE_INFOPLIST_FILE = YES;
				INFOPLIST_FILE = FistSingleView/Info.plist;
				INFOPLIST_KEY_NSHumanReadableCopyright = "";
				INFOPLIST_KEY_UIStatusBarStyle = "";
				INFOPLIST_KEY_UISupportedInterfaceOrientations = UIInterfaceOrientationPortrait;
				INFOPLIST_KEY_UISupportedInterfaceOrientations_iPad = UIInterfaceOrientationPortraitUpsideDown;
				IPHONEOS_DEPLOYMENT_TARGET = 16.1;
				LD_RUNPATH_SEARCH_PATHS = "$(inherited) @executable_path/../Frameworks";
				MACOSX_DEPLOYMENT_TARGET = 12.3;
				MARKETING_VERSION = 1.0;
				PRODUCT_BUNDLE_IDENTIFIER = com.zxq.FistSingleView;
				PRODUCT_NAME = "$(TARGET_NAME)";
				SDKROOT = iphoneos;
				SUPPORTED_PLATFORMS = "iphoneos iphonesimulator";
				SUPPORTS_MACCATALYST = NO;
				SUPPORTS_MAC_DESIGNED_FOR_IPHONE_IPAD = NO;
				SWIFT_EMIT_LOC_STRINGS = YES;
				SWIFT_VERSION = 5.0;
				TARGETED_DEVICE_FAMILY = 1;
			};
			name = Debug;
		};
/* End XCBuildConfiguration section */

/* Begin XCConfigurationList section */
		9EE32A3949E4AA10D78B67E0 /* Build configuration list for PBXNativeTarget "FistSingleView" */ = {
			isa = XCConfigurationList;
			buildConfigurations = (
				9EE32736C5531AA6D85AE2F4 /* Debug */,
				9EE3228C3EF62A1671495041 /* Release */,
			);
			defaultConfigurationIsVisible = 0;
			defaultConfigurationName = Release;
		};
		9EE32D28E5C4B1F100A4709C /* Build configuration list for PBXProject "FistSingleView" */ = {
			isa = XCConfigurationList;
			buildConfigurations = (
				9EE326B3C82C06771002174B /* Debug */,
				9EE320F163A9A72AEDA2D5B2 /* Release */,
			);
			defaultConfigurationIsVisible = 0;
			defaultConfigurationName = Release;
		};
/* End XCConfigurationList section */
	};
	rootObject = 9EE325AC2FC21CF54EE944D9 /* Project object */;
}
